
Microsoft Visual Studio Solution File, Format Version 12.00
# Visual Studio Version 16
VisualStudioVersion = 16.0.29123.88
MinimumVisualStudioVersion = 10.0.40219.1
Project("{FAE04EC0-301F-11D3-BF4B-00C04F79EFBC}") = "MemeVM-Devirt", "MemeVM-Devirt.csproj", "{D10F9068-B297-4251-9032-9A1AAB808B3B}"
EndProject
Global
	GlobalSection(SolutionConfigurationPlatforms) = preSolution
		Debug|Any CPU = Debug|Any CPU
		Release|Any CPU = Release|Any CPU
	EndGlobalSection
	GlobalSection(ProjectConfigurationPlatforms) = postSolution
		{D10F9068-B297-4251-9032-9A1AAB808B3B}.Debug|Any CPU.ActiveCfg = Debug|Any CPU
		{D10F9068-B297-4251-9032-9A1AAB808B3B}.Debug|Any CPU.Build.0 = Debug|Any CPU
		{D10F9068-B297-4251-9032-9A1AAB808B3B}.Release|Any CPU.ActiveCfg = Release|Any CPU
		{D10F9068-B297-4251-9032-9A1AAB808B3B}.Release|Any CPU.Build.0 = Release|Any CPU
	EndGlobalSection
	GlobalSection(SolutionProperties) = preSolution
		HideSolutionNode = FALSE
	EndGlobalSection
	GlobalSection(ExtensibilityGlobals) = postSolution
		SolutionGuid = {42385549-8CAE-4D56-A3A5-F1D7A917CCCB}
	EndGlobalSection
EndGlobal
